// !$*UTF8*$!
{
	archiveVersion = 1;
	classes = {
	};
	objectVersion = 48;
	objects = {

/* Begin PBXBuildFile section */
		E477F57C1F6A035F007D2AD3 /* AppDelegate.swift in Sources */ = {isa = PBXBuildFile; fileRef = E477F57B1F6A035F007D2AD3 /* AppDelegate.swift */; };
		E477F57E1F6A035F007D2AD3 /* ViewController.swift in Sources */ = {isa = PBXBuildFile; fileRef = E477F57D1F6A035F007D2AD3 /* ViewController.swift */; };
		E477F5811F6A035F007D2AD3 /* Main.storyboard in Resources */ = {isa = PBXBuildFile; fileRef = E477F57F1F6A035F007D2AD3 /* Main.storyboard */; };
		E477F5831F6A035F007D2AD3 /* Assets.xcassets in Resources */ = {isa = PBXBuildFile; fileRef = E477F5821F6A035F007D2AD3 /* Assets.xcassets */; };
		E477F5861F6A035F007D2AD3 /* LaunchScreen.storyboard in Resources */ = {isa = PBXBuildFile; fileRef = E477F5841F6A035F007D2AD3 /* LaunchScreen.storyboard */; };
		E477F58E1F6A0E1D007D2AD3 /* Inceptionv3.mlmodel in Sources */ = {isa = PBXBuildFile; fileRef = E477F58D1F6A0AB2007D2AD3 /* Inceptionv3.mlmodel */; };
/* End PBXBuildFile section */

/* Begin PBXFileReference section */
		E477F5781F6A035F007D2AD3 /* ITRecognize.app */ = {isa = PBXFileReference; explicitFileType = wrapper.application; includeInIndex = 0; path = ITRecognize.app; sourceTree = BUILT_PRODUCTS_DIR; };
		E477F57B1F6A035F007D2AD3 /* AppDelegate.swift */ = {isa = PBXFileReference; lastKnownFileType = sourcecode.swift; path = AppDelegate.swift; sourceTree = "<group>"; };
		E477F57D1F6A035F007D2AD3 /* ViewController.swift */ = {isa = PBXFileReference; lastKnownFileType = sourcecode.swift; path = ViewController.swift; sourceTree = "<group>"; };
		E477F5801F6A035F007D2AD3 /* Base */ = {isa = PBXFileReference; lastKnownFileType = file.storyboard; name = Base; path = Base.lproj/Main.storyboard; sourceTree = "<group>"; };
		E477F5821F6A035F007D2AD3 /* Assets.xcassets */ = {isa = PBXFileReference; lastKnownFileType = folder.assetcatalog; path = Assets.xcassets; sourceTree = "<group>"; };
		E477F5851F6A035F007D2AD3 /* Base */ = {isa = PBXFileReference; lastKnownFileType = file.storyboard; name = Base; path = Base.lproj/LaunchScreen.storyboard; sourceTree = "<group>"; };
		E477F5871F6A035F007D2AD3 /* Info.plist */ = {isa = PBXFileReference; lastKnownFileType = text.plist.xml; path = Info.plist; sourceTree = "<group>"; };
		E477F58D1F6A0AB2007D2AD3 /* Inceptionv3.mlmodel */ = {isa = PBXFileReference; lastKnownFileType = file.mlmodel; path = Inceptionv3.mlmodel; sourceTree = "<group>"; };
/* End PBXFileReference section */

/* Begin PBXFrameworksBuildPhase section */
		E477F5751F6A035E007D2AD3 /* Frameworks */ = {
			isa = PBXFrameworksBuildPhase;
			buildActionMask = 2147483647;
			files = (
			);
			runOnlyForDeploymentPostprocessing = 0;
		};
/* End PBXFrameworksBuildPhase section */

/* Begin PBXGroup section */
		E477F56F1F6A035E007D2AD3 = {
			isa = PBXGroup;
			children = (
				E477F57A1F6A035F007D2AD3 /* ITRecognize */,
				E477F5791F6A035F007D2AD3 /* Products */,
			);
			sourceTree = "<group>";
		};
		E477F5791F6A035F007D2AD3 /* Products */ = {
			isa = PBXGroup;
			children = (
				E477F5781F6A035F007D2AD3 /* ITRecognize.app */,
			);
			name = Products;
			sourceTree = "<group>";
		};
		E477F57A1F6A035F007D2AD3 /* ITRecognize */ = {
			isa = PBXGroup;
			children = (
				E477F58D1F6A0AB2007D2AD3 /* Inceptionv3.mlmodel */,
				E477F57B1F6A035F007D2AD3 /* AppDelegate.swift */,
				E477F57D1F6A035F007D2AD3 /* ViewController.swift */,
				E477F57F1F6A035F007D2AD3 /* Main.storyboard */,
				E477F5821F6A035F007D2AD3 /* Assets.xcassets */,
				E477F5841F6A035F007D2AD3 /* LaunchScreen.storyboard */,
				E477F5871F6A035F007D2AD3 /* Info.plist */,
			);
			path = ITRecognize;
			sourceTree = "<group>";
		};
/* End PBXGroup section */

/* Begin PBXNativeTarget section */
		E477F5771F6A035E007D2AD3 /* ITRecognize */ = {
			isa = PBXNativeTarget;
			buildConfigurationList = E477F58A1F6A035F007D2AD3 /* Build configuration list for PBXNativeTarget "ITRecognize" */;
			buildPhases = (
				E477F5741F6A035E007D2AD3 /* Sources */,
				E477F5751F6A035E007D2AD3 /* Frameworks */,
				E477F5761F6A035E007D2AD3 /* Resources */,
			);
			buildRules = (
			);
			dependencies = (
			);
			name = ITRecognize;
			productName = ITRecognize;
			productReference = E477F5781F6A035F007D2AD3 /* ITRecognize.app */;
			productType = "com.apple.product-type.application";
		};
/* End PBXNativeTarget section */

/* Begin PBXProject section */
		E477F5701F6A035E007D2AD3 /* Project object */ = {
			isa = PBXProject;
			attributes = {
				LastSwiftUpdateCheck = 0900;
				LastUpgradeCheck = 0900;
				ORGANIZATIONNAME = "IT Lean";
				TargetAttributes = {
					E477F5771F6A035E007D2AD3 = {
						CreatedOnToolsVersion = 9.0;
						ProvisioningStyle = Automatic;
					};
				};
			};
			buildConfigurationList = E477F5731F6A035E007D2AD3 /* Build configuration list for PBXProject "ITRecognize" */;
			compatibilityVersion = "Xcode 8.0";
			developmentRegion = en;
			hasScannedForEncodings = 0;
			knownRegions = (
				en,
				Base,
			);
			mainGroup = E477F56F1F6A035E007D2AD3;
			productRefGroup = E477F5791F6A035F007D2AD3 /* Products */;
			projectDirPath = "";
			projectRoot = "";
			targets = (
				E477F5771F6A035E007D2AD3 /* ITRecognize */,
			);
		};
/* End PBXProject section */

/* Begin PBXResourcesBuildPhase section */
		E477F5761F6A035E007D2AD3 /* Resources */ = {
			isa = PBXResourcesBuildPhase;
			buildActionMask = 2147483647;
			files = (
				E477F5861F6A035F007D2AD3 /* LaunchScreen.storyboard in Resources */,
				E477F5831F6A035F007D2AD3 /* Assets.xcassets in Resources */,
				E477F5811F6A035F007D2AD3 /* Main.storyboard in Resources */,
			);
			runOnlyForDeploymentPostprocessing = 0;
		};
/* End PBXResourcesBuildPhase section */

/* Begin PBXSourcesBuildPhase section */
		E477F5741F6A035E007D2AD3 /* Sources */ = {
			isa = PBXSourcesBuildPhase;
			buildActionMask = 2147483647;
			files = (
				E477F57E1F6A035F007D2AD3 /* ViewController.swift in Sources */,
				E477F58E1F6A0E1D007D2AD3 /* Inceptionv3.mlmodel in Sources */,
				E477F57C1F6A035F007D2AD3 /* AppDelegate.swift in Sources */,
			);
			runOnlyForDeploymentPostprocessing = 0;
		};
/* End PBXSourcesBuildPhase section */

/* Begin PBXVariantGroup section */
		E477F57F1F6A035F007D2AD3 /* Main.storyboard */ = {
			isa = PBXVariantGroup;
			children = (
				E477F5801F6A035F007D2AD3 /* Base */,
			);
			name = Main.storyboard;
			sourceTree = "<group>";
		};
		E477F5841F6A035F007D2AD3 /* LaunchScreen.storyboard */ = {
			isa = PBXVariantGroup;
			children = (
				E477F5851F6A035F007D2AD3 /* Base */,
			);
			name = LaunchScreen.storyboard;
			sourceTree = "<group>";
		};
/* End PBXVariantGroup section */

/* Begin XCBuildConfiguration section */
		E477F5881F6A035F007D2AD3 /* Debug */ = {
			isa = XCBuildConfiguration;
			buildSettings = {
				ALWAYS_SEARCH_USER_PATHS = NO;
				CLANG_ANALYZER_NONNULL = YES;
				CLANG_ANALYZER_NUMBER_OBJECT_CONVERSION = YES_AGGRESSIVE;
				CLANG_CXX_LANGUAGE_STANDARD = "gnu++14";
				CLANG_CXX_LIBRARY = "libc++";
				CLANG_ENABLE_MODULES = YES;
				CLANG_ENABLE_OBJC_ARC = YES;
				CLANG_WARN_BLOCK_CAPTURE_AUTORELEASING = YES;
				CLANG_WARN_BOOL_CONVERSION = YES;
				CLANG_WARN_COMMA = YES;
				CLANG_WARN_CONSTANT_CONVERSION = YES;
				CLANG_WARN_DIRECT_OBJC_ISA_USAGE = YES_ERROR;
				CLANG_WARN_DOCUMENTATION_COMMENTS = YES;
				CLANG_WARN_EMPTY_BODY = YES;
				CLANG_WARN_ENUM_CONVERSION = YES;
				CLANG_WARN_INFINITE_RECURSION = YES;
				CLANG_WARN_INT_CONVERSION = YES;
				CLANG_WARN_NON_LITERAL_NULL_CONVERSION = YES;
				CLANG_WARN_OBJC_LITERAL_CONVERSION = YES;
				CLANG_WARN_OBJC_ROOT_CLASS = YES_ERROR;
				CLANG_WARN_RANGE_LOOP_ANALYSIS = YES;
				CLANG_WARN_STRICT_PROTOTYPES = YES;
				CLANG_WARN_SUSPICIOUS_MOVE = YES;
				CLANG_WARN_UNGUARDED_AVAILABILITY = YES_AGGRESSIVE;
				CLANG_WARN_UNREACHABLE_CODE = YES;
				CLANG_WARN__DUPLICATE_METHOD_MATCH = YES;
				CODE_SIGN_IDENTITY = "iPhone Developer";
				COPY_PHASE_STRIP = NO;
				DEBUG_INFORMATION_FORMAT = dwarf;
				ENABLE_STRICT_OBJC_MSGSEND = YES;
				ENABLE_TESTABILITY = YES;
				GCC_C_LANGUAGE_STANDARD = gnu11;
				GCC_DYNAMIC_NO_PIC = NO;
				GCC_NO_COMMON_BLOCKS = YES;
				GCC_OPTIMIZATION_LEVEL = 0;
				GCC_PREPROCESSOR_DEFINITIONS = (
					"DEBUG=1",
					"$(inherited)",
				);
				GCC_WARN_64_TO_32_BIT_CONVERSION = YES;
				GCC_WARN_ABOUT_RETURN_TYPE = YES_ERROR;
				GCC_WARN_UNDECLARED_SELECTOR = YES;
				GCC_WARN_UNINITIALIZED_AUTOS = YES_AGGRESSIVE;
				GCC_WARN_UNUSED_FUNCTION = YES;
				GCC_WARN_UNUSED_VARIABLE = YES;
				IPHONEOS_DEPLOYMENT_TARGET = 11.0;
				MTL_ENABLE_DEBUG_INFO = YES;
				ONLY_ACTIVE_ARCH = YES;
				SDKROOT = iphoneos;
				SWIFT_ACTIVE_COMPILATION_CONDITIONS = DEBUG;
				SWIFT_OPTIMIZATION_LEVEL = "-Onone";
			};
			name = Debug;
		};
		E477F5891F6A035F007D2AD3 /* Release */ = {
			isa = XCBuildConfiguration;
			buildSettings = {
				ALWAYS_SEARCH_USER_PATHS = NO;
				CLANG_ANALYZER_NONNULL = YES;
				CLANG_ANALYZER_NUMBER_OBJECT_CONVERSION = YES_AGGRESSIVE;
				CLANG_CXX_LANGUAGE_STANDARD = "gnu++14";
				CLANG_CXX_LIBRARY = "libc++";
				CLANG_ENABLE_MODULES = YES;
				CLANG_ENABLE_OBJC_ARC = YES;
				CLANG_WARN_BLOCK_CAPTURE_AUTORELEASING = YES;
				CLANG_WARN_BOOL_CONVERSION = YES;
				CLANG_WARN_COMMA = YES;
				CLANG_WARN_CONSTANT_CONVERSION = YES;
				CLANG_WARN_DIRECT_OBJC_ISA_USAGE = YES_ERROR;
				CLANG_WARN_DOCUMENTATION_COMMENTS = YES;
				CLANG_WARN_EMPTY_BODY = YES;
				CLANG_WARN_ENUM_CONVERSION = YES;
				CLANG_WARN_INFINITE_RECURSION = YES;
				CLANG_WARN_INT_CONVERSION = YES;
				CLANG_WARN_NON_LITERAL_NULL_CONVERSION = YES;
				CLANG_WARN_OBJC_LITERAL_CONVERSION = YES;
				CLANG_WARN_OBJC_ROOT_CLASS = YES_ERROR;
				CLANG_WARN_RANGE_LOOP_ANALYSIS = YES;
				CLANG_WARN_STRICT_PROTOTYPES = YES;
				CLANG_WARN_SUSPICIOUS_MOVE = YES;
				CLANG_WARN_UNGUARDED_AVAILABILITY = YES_AGGRESSIVE;
				CLANG_WARN_UNREACHABLE_CODE = YES;
				CLANG_WARN__DUPLICATE_METHOD_MATCH = YES;
				CODE_SIGN_IDENTITY = "iPhone Developer";
				COPY_PHASE_STRIP = NO;
				DEBUG_INFORMATION_FORMAT = "dwarf-with-dsym";
				ENABLE_NS_ASSERTIONS = NO;
				ENABLE_STRICT_OBJC_MSGSEND = YES;
				GCC_C_LANGUAGE_STANDARD = gnu11;
				GCC_NO_COMMON_BLOCKS = YES;
				GCC_WARN_64_TO_32_BIT_CONVERSION = YES;
				GCC_WARN_ABOUT_RETURN_TYPE = YES_ERROR;
				GCC_WARN_UNDECLARED_SELECTOR = YES;
				GCC_WARN_UNINITIALIZED_AUTOS = YES_AGGRESSIVE;
				GCC_WARN_UNUSED_FUNCTION = YES;
				GCC_WARN_UNUSED_VARIABLE = YES;
				IPHONEOS_DEPLOYMENT_TARGET = 11.0;
				MTL_ENABLE_DEBUG_INFO = NO;
				SDKROOT = iphoneos;
				SWIFT_OPTIMIZATION_LEVEL = "-Owholemodule";
				VALIDATE_PRODUCT = YES;
			};
			name = Release;
		};
		E477F58B1F6A035F007D2AD3 /* Debug */ = {
			isa = XCBuildConfiguration;
			buildSettings = {
				ASSETCATALOG_COMPILER_APPICON_NAME = AppIcon;
				CODE_SIGN_STYLE = Automatic;
				DEVELOPMENT_TEAM = SYPRRG8JK6;
				INFOPLIST_FILE = ITRecognize/Info.plist;
				LD_RUNPATH_SEARCH_PATHS = "$(inherited) @executable_path/Frameworks";
				PRODUCT_BUNDLE_IDENTIFIER = br.com.itleanrecognize.ITRecognize;
				PRODUCT_NAME = "$(TARGET_NAME)";
				SWIFT_VERSION = 4.0;
				TARGETED_DEVICE_FAMILY = "1,2";
			};
			name = Debug;
		};
		E477F58C1F6A035F007D2AD3 /* Release */ = {
			isa = XCBuildConfiguration;
			buildSettings = {
				ASSETCATALOG_COMPILER_APPICON_NAME = AppIcon;
				CODE_SIGN_STYLE = Automatic;
				DEVELOPMENT_TEAM = SYPRRG8JK6;
				INFOPLIST_FILE = ITRecognize/Info.plist;
				LD_RUNPATH_SEARCH_PATHS = "$(inherited) @executable_path/Frameworks";
				PRODUCT_BUNDLE_IDENTIFIER = br.com.itleanrecognize.ITRecognize;
				PRODUCT_NAME = "$(TARGET_NAME)";
				SWIFT_VERSION = 4.0;
				TARGETED_DEVICE_FAMILY = "1,2";
			};
			name = Release;
		};
/* End XCBuildConfiguration section */

/* Begin XCConfigurationList section */
		E477F5731F6A035E007D2AD3 /* Build configuration list for PBXProject "ITRecognize" */ = {
			isa = XCConfigurationList;
			buildConfigurations = (
				E477F5881F6A035F007D2AD3 /* Debug */,
				E477F5891F6A035F007D2AD3 /* Release */,
			);
			defaultConfigurationIsVisible = 0;
			defaultConfigurationName = Release;
		};
		E477F58A1F6A035F007D2AD3 /* Build configuration list for PBXNativeTarget "ITRecognize" */ = {
			isa = XCConfigurationList;
			buildConfigurations = (
				E477F58B1F6A035F007D2AD3 /* Debug */,
				E477F58C1F6A035F007D2AD3 /* Release */,
			);
			defaultConfigurationIsVisible = 0;
			defaultConfigurationName = Release;
		};
/* End XCConfigurationList section */
	};
	rootObject = E477F5701F6A035E007D2AD3 /* Project object */;
}
